// !$*UTF8*$!
{
	archiveVersion = 1;
	classes = {
	};
	objectVersion = 56;
	objects = {

/* Begin PBXBuildFile section */
		5501C4582D543AE1008C002E /* RESTRequest.swift in Sources */ = {isa = PBXBuildFile; fileRef = 5501C4542D543AE0008C002E /* RESTRequest.swift */; };
		5501C4592D543AE1008C002E /* HTTPMethod.swift in Sources */ = {isa = PBXBuildFile; fileRef = 5501C4552D543AE0008C002E /* HTTPMethod.swift */; };
		5501C45A2D543AE2008C002E /* RESTErrors.swift in Sources */ = {isa = PBXBuildFile; fileRef = 5501C4562D543AE1008C002E /* RESTErrors.swift */; };
		5501C45B2D543AE2008C002E /* RESTService.swift in Sources */ = {isa = PBXBuildFile; fileRef = 5501C4572D543AE1008C002E /* RESTService.swift */; };
		5501C4602D543CC6008C002E /* PexelsAPI.swift in Sources */ = {isa = PBXBuildFile; fileRef = 5501C45F2D543CC6008C002E /* PexelsAPI.swift */; };
		5501C4632D5500BB008C002E /* PhotosModel.swift in Sources */ = {isa = PBXBuildFile; fileRef = 5501C4622D5500BB008C002E /* PhotosModel.swift */; };
		5501C4652D550175008C002E /* OverlaysViewModel.swift in Sources */ = {isa = PBXBuildFile; fileRef = 5501C4642D550175008C002E /* OverlaysViewModel.swift */; };
		5593B9F32D51625C00AC5F3D /* CanvasApp.swift in Sources */ = {isa = PBXBuildFile; fileRef = 5593B9F22D51625C00AC5F3D /* CanvasApp.swift */; };
		5593B9F52D51625C00AC5F3D /* MainView.swift in Sources */ = {isa = PBXBuildFile; fileRef = 5593B9F42D51625C00AC5F3D /* MainView.swift */; };
		5593B9F72D51626100AC5F3D /* Assets.xcassets in Resources */ = {isa = PBXBuildFile; fileRef = 5593B9F62D51626100AC5F3D /* Assets.xcassets */; };
		5593B9FA2D51626100AC5F3D /* Preview Assets.xcassets in Resources */ = {isa = PBXBuildFile; fileRef = 5593B9F92D51626100AC5F3D /* Preview Assets.xcassets */; };
		559BD0BC2D53C13A000A52F7 /* OverlaysView.swift in Sources */ = {isa = PBXBuildFile; fileRef = 559BD0BB2D53C13A000A52F7 /* OverlaysView.swift */; };
/* End PBXBuildFile section */

/* Begin PBXFileReference section */
		5501C4542D543AE0008C002E /* RESTRequest.swift */ = {isa = PBXFileReference; fileEncoding = 4; lastKnownFileType = sourcecode.swift; path = RESTRequest.swift; sourceTree = "<group>"; };
		5501C4552D543AE0008C002E /* HTTPMethod.swift */ = {isa = PBXFileReference; fileEncoding = 4; lastKnownFileType = sourcecode.swift; path = HTTPMethod.swift; sourceTree = "<group>"; };
		5501C4562D543AE1008C002E /* RESTErrors.swift */ = {isa = PBXFileReference; fileEncoding = 4; lastKnownFileType = sourcecode.swift; path = RESTErrors.swift; sourceTree = "<group>"; };
		5501C4572D543AE1008C002E /* RESTService.swift */ = {isa = PBXFileReference; fileEncoding = 4; lastKnownFileType = sourcecode.swift; path = RESTService.swift; sourceTree = "<group>"; };
		5501C45F2D543CC6008C002E /* PexelsAPI.swift */ = {isa = PBXFileReference; lastKnownFileType = sourcecode.swift; path = PexelsAPI.swift; sourceTree = "<group>"; };
		5501C4622D5500BB008C002E /* PhotosModel.swift */ = {isa = PBXFileReference; lastKnownFileType = sourcecode.swift; path = PhotosModel.swift; sourceTree = "<group>"; };
		5501C4642D550175008C002E /* OverlaysViewModel.swift */ = {isa = PBXFileReference; lastKnownFileType = sourcecode.swift; path = OverlaysViewModel.swift; sourceTree = "<group>"; };
		5593B9EF2D51625C00AC5F3D /* Canvas.app */ = {isa = PBXFileReference; explicitFileType = wrapper.application; includeInIndex = 0; path = Canvas.app; sourceTree = BUILT_PRODUCTS_DIR; };
		5593B9F22D51625C00AC5F3D /* CanvasApp.swift */ = {isa = PBXFileReference; lastKnownFileType = sourcecode.swift; path = CanvasApp.swift; sourceTree = "<group>"; };
		5593B9F42D51625C00AC5F3D /* MainView.swift */ = {isa = PBXFileReference; lastKnownFileType = sourcecode.swift; path = MainView.swift; sourceTree = "<group>"; };
		5593B9F62D51626100AC5F3D /* Assets.xcassets */ = {isa = PBXFileReference; lastKnownFileType = folder.assetcatalog; path = Assets.xcassets; sourceTree = "<group>"; };
		5593B9F92D51626100AC5F3D /* Preview Assets.xcassets */ = {isa = PBXFileReference; lastKnownFileType = folder.assetcatalog; path = "Preview Assets.xcassets"; sourceTree = "<group>"; };
		559BD0BB2D53C13A000A52F7 /* OverlaysView.swift */ = {isa = PBXFileReference; lastKnownFileType = sourcecode.swift; path = OverlaysView.swift; sourceTree = "<group>"; };
/* End PBXFileReference section */

/* Begin PBXFrameworksBuildPhase section */
		5593B9EC2D51625C00AC5F3D /* Frameworks */ = {
			isa = PBXFrameworksBuildPhase;
			buildActionMask = 2147483647;
			files = (
			);
			runOnlyForDeploymentPostprocessing = 0;
		};
/* End PBXFrameworksBuildPhase section */

/* Begin PBXGroup section */
		5501C4532D543AD5008C002E /*  RESTService */ = {
			isa = PBXGroup;
			children = (
				5501C4552D543AE0008C002E /* HTTPMethod.swift */,
				5501C4562D543AE1008C002E /* RESTErrors.swift */,
				5501C4542D543AE0008C002E /* RESTRequest.swift */,
				5501C4572D543AE1008C002E /* RESTService.swift */,
			);
			path = " RESTService";
			sourceTree = "<group>";
		};
		5501C45C2D543BD5008C002E /* Main */ = {
			isa = PBXGroup;
			children = (
				5593B9F42D51625C00AC5F3D /* MainView.swift */,
			);
			path = Main;
			sourceTree = "<group>";
		};
		5501C45D2D543BDD008C002E /* Overlays */ = {
			isa = PBXGroup;
			children = (
				559BD0BB2D53C13A000A52F7 /* OverlaysView.swift */,
				5501C4642D550175008C002E /* OverlaysViewModel.swift */,
			);
			path = Overlays;
			sourceTree = "<group>";
		};
		5501C45E2D543C48008C002E /* APIs */ = {
			isa = PBXGroup;
			children = (
				5501C4612D55009E008C002E /* Models */,
				5501C45F2D543CC6008C002E /* PexelsAPI.swift */,
			);
			path = APIs;
			sourceTree = "<group>";
		};
		5501C4612D55009E008C002E /* Models */ = {
			isa = PBXGroup;
			children = (
				5501C4622D5500BB008C002E /* PhotosModel.swift */,
			);
			path = Models;
			sourceTree = "<group>";
		};
		5593B9E62D51625C00AC5F3D = {
			isa = PBXGroup;
			children = (
				5593B9F12D51625C00AC5F3D /* Canvas */,
				5593B9F02D51625C00AC5F3D /* Products */,
			);
			sourceTree = "<group>";
		};
		5593B9F02D51625C00AC5F3D /* Products */ = {
			isa = PBXGroup;
			children = (
				5593B9EF2D51625C00AC5F3D /* Canvas.app */,
			);
			name = Products;
			sourceTree = "<group>";
		};
		5593B9F12D51625C00AC5F3D /* Canvas */ = {
			isa = PBXGroup;
			children = (
				559BD0BD2D53D0A5000A52F7 /* Modules */,
				559BD0B92D53ABB4000A52F7 /* Screens */,
				5593B9F22D51625C00AC5F3D /* CanvasApp.swift */,
				5593B9F62D51626100AC5F3D /* Assets.xcassets */,
				5593B9F82D51626100AC5F3D /* Preview Content */,
			);
			path = Canvas;
			sourceTree = "<group>";
		};
		5593B9F82D51626100AC5F3D /* Preview Content */ = {
			isa = PBXGroup;
			children = (
				5593B9F92D51626100AC5F3D /* Preview Assets.xcassets */,
			);
			path = "Preview Content";
			sourceTree = "<group>";
		};
		559BD0B92D53ABB4000A52F7 /* Screens */ = {
			isa = PBXGroup;
			children = (
				5501C45D2D543BDD008C002E /* Overlays */,
				5501C45C2D543BD5008C002E /* Main */,
			);
			path = Screens;
			sourceTree = "<group>";
		};
		559BD0BD2D53D0A5000A52F7 /* Modules */ = {
			isa = PBXGroup;
			children = (
				5501C45E2D543C48008C002E /* APIs */,
				5501C4532D543AD5008C002E /*  RESTService */,
			);
			path = Modules;
			sourceTree = "<group>";
		};
/* End PBXGroup section */

/* Begin PBXNativeTarget section */
		5593B9EE2D51625C00AC5F3D /* Canvas */ = {
			isa = PBXNativeTarget;
			buildConfigurationList = 5593B9FD2D51626200AC5F3D /* Build configuration list for PBXNativeTarget "Canvas" */;
			buildPhases = (
				5593B9EB2D51625C00AC5F3D /* Sources */,
				5593B9EC2D51625C00AC5F3D /* Frameworks */,
				5593B9ED2D51625C00AC5F3D /* Resources */,
			);
			buildRules = (
			);
			dependencies = (
			);
			name = Canvas;
			productName = Canvas;
			productReference = 5593B9EF2D51625C00AC5F3D /* Canvas.app */;
			productType = "com.apple.product-type.application";
		};
/* End PBXNativeTarget section */

/* Begin PBXProject section */
		5593B9E72D51625C00AC5F3D /* Project object */ = {
			isa = PBXProject;
			attributes = {
				BuildIndependentTargetsInParallel = 1;
				LastSwiftUpdateCheck = 1420;
				LastUpgradeCheck = 1420;
				TargetAttributes = {
					5593B9EE2D51625C00AC5F3D = {
						CreatedOnToolsVersion = 14.2;
					};
				};
			};
			buildConfigurationList = 5593B9EA2D51625C00AC5F3D /* Build configuration list for PBXProject "Canvas" */;
			compatibilityVersion = "Xcode 14.0";
			developmentRegion = en;
			hasScannedForEncodings = 0;
			knownRegions = (
				en,
				Base,
			);
			mainGroup = 5593B9E62D51625C00AC5F3D;
			productRefGroup = 5593B9F02D51625C00AC5F3D /* Products */;
			projectDirPath = "";
			projectRoot = "";
			targets = (
				5593B9EE2D51625C00AC5F3D /* Canvas */,
			);
		};
/* End PBXProject section */

/* Begin PBXResourcesBuildPhase section */
		5593B9ED2D51625C00AC5F3D /* Resources */ = {
			isa = PBXResourcesBuildPhase;
			buildActionMask = 2147483647;
			files = (
				5593B9FA2D51626100AC5F3D /* Preview Assets.xcassets in Resources */,
				5593B9F72D51626100AC5F3D /* Assets.xcassets in Resources */,
			);
			runOnlyForDeploymentPostprocessing = 0;
		};
/* End PBXResourcesBuildPhase section */

/* Begin PBXSourcesBuildPhase section */
		5593B9EB2D51625C00AC5F3D /* Sources */ = {
			isa = PBXSourcesBuildPhase;
			buildActionMask = 2147483647;
			files = (
				5593B9F52D51625C00AC5F3D /* MainView.swift in Sources */,
				5501C4652D550175008C002E /* OverlaysViewModel.swift in Sources */,
				5593B9F32D51625C00AC5F3D /* CanvasApp.swift in Sources */,
				5501C4632D5500BB008C002E /* PhotosModel.swift in Sources */,
				559BD0BC2D53C13A000A52F7 /* OverlaysView.swift in Sources */,
				5501C4592D543AE1008C002E /* HTTPMethod.swift in Sources */,
				5501C45A2D543AE2008C002E /* RESTErrors.swift in Sources */,
				5501C4602D543CC6008C002E /* PexelsAPI.swift in Sources */,
				5501C45B2D543AE2008C002E /* RESTService.swift in Sources */,
				5501C4582D543AE1008C002E /* RESTRequest.swift in Sources */,
			);
			runOnlyForDeploymentPostprocessing = 0;
		};
/* End PBXSourcesBuildPhase section */

/* Begin XCBuildConfiguration section */
		5593B9FB2D51626100AC5F3D /* Debug */ = {
			isa = XCBuildConfiguration;
			buildSettings = {
				ALWAYS_SEARCH_USER_PATHS = NO;
				CLANG_ANALYZER_NONNULL = YES;
				CLANG_ANALYZER_NUMBER_OBJECT_CONVERSION = YES_AGGRESSIVE;
				CLANG_CXX_LANGUAGE_STANDARD = "gnu++20";
				CLANG_ENABLE_MODULES = YES;
				CLANG_ENABLE_OBJC_ARC = YES;
				CLANG_ENABLE_OBJC_WEAK = YES;
				CLANG_WARN_BLOCK_CAPTURE_AUTORELEASING = YES;
				CLANG_WARN_BOOL_CONVERSION = YES;
				CLANG_WARN_COMMA = YES;
				CLANG_WARN_CONSTANT_CONVERSION = YES;
				CLANG_WARN_DEPRECATED_OBJC_IMPLEMENTATIONS = YES;
				CLANG_WARN_DIRECT_OBJC_ISA_USAGE = YES_ERROR;
				CLANG_WARN_DOCUMENTATION_COMMENTS = YES;
				CLANG_WARN_EMPTY_BODY = YES;
				CLANG_WARN_ENUM_CONVERSION = YES;
				CLANG_WARN_INFINITE_RECURSION = YES;
				CLANG_WARN_INT_CONVERSION = YES;
				CLANG_WARN_NON_LITERAL_NULL_CONVERSION = YES;
				CLANG_WARN_OBJC_IMPLICIT_RETAIN_SELF = YES;
				CLANG_WARN_OBJC_LITERAL_CONVERSION = YES;
				CLANG_WARN_OBJC_ROOT_CLASS = YES_ERROR;
				CLANG_WARN_QUOTED_INCLUDE_IN_FRAMEWORK_HEADER = YES;
				CLANG_WARN_RANGE_LOOP_ANALYSIS = YES;
				CLANG_WARN_STRICT_PROTOTYPES = YES;
				CLANG_WARN_SUSPICIOUS_MOVE = YES;
				CLANG_WARN_UNGUARDED_AVAILABILITY = YES_AGGRESSIVE;
				CLANG_WARN_UNREACHABLE_CODE = YES;
				CLANG_WARN__DUPLICATE_METHOD_MATCH = YES;
				COPY_PHASE_STRIP = NO;
				DEBUG_INFORMATION_FORMAT = dwarf;
				ENABLE_STRICT_OBJC_MSGSEND = YES;
				ENABLE_TESTABILITY = YES;
				GCC_C_LANGUAGE_STANDARD = gnu11;
				GCC_DYNAMIC_NO_PIC = NO;
				GCC_NO_COMMON_BLOCKS = YES;
				GCC_OPTIMIZATION_LEVEL = 0;
				GCC_PREPROCESSOR_DEFINITIONS = (
					"DEBUG=1",
					"$(inherited)",
				);
				GCC_WARN_64_TO_32_BIT_CONVERSION = YES;
				GCC_WARN_ABOUT_RETURN_TYPE = YES_ERROR;
				GCC_WARN_UNDECLARED_SELECTOR = YES;
				GCC_WARN_UNINITIALIZED_AUTOS = YES_AGGRESSIVE;
				GCC_WARN_UNUSED_FUNCTION = YES;
				GCC_WARN_UNUSED_VARIABLE = YES;
				IPHONEOS_DEPLOYMENT_TARGET = 16.2;
				MTL_ENABLE_DEBUG_INFO = INCLUDE_SOURCE;
				MTL_FAST_MATH = YES;
				ONLY_ACTIVE_ARCH = YES;
				SDKROOT = iphoneos;
				SWIFT_ACTIVE_COMPILATION_CONDITIONS = DEBUG;
				SWIFT_OPTIMIZATION_LEVEL = "-Onone";
			};
			name = Debug;
		};
		5593B9FC2D51626100AC5F3D /* Release */ = {
			isa = XCBuildConfiguration;
			buildSettings = {
				ALWAYS_SEARCH_USER_PATHS = NO;
				CLANG_ANALYZER_NONNULL = YES;
				CLANG_ANALYZER_NUMBER_OBJECT_CONVERSION = YES_AGGRESSIVE;
				CLANG_CXX_LANGUAGE_STANDARD = "gnu++20";
				CLANG_ENABLE_MODULES = YES;
				CLANG_ENABLE_OBJC_ARC = YES;
				CLANG_ENABLE_OBJC_WEAK = YES;
				CLANG_WARN_BLOCK_CAPTURE_AUTORELEASING = YES;
				CLANG_WARN_BOOL_CONVERSION = YES;
				CLANG_WARN_COMMA = YES;
				CLANG_WARN_CONSTANT_CONVERSION = YES;
				CLANG_WARN_DEPRECATED_OBJC_IMPLEMENTATIONS = YES;
				CLANG_WARN_DIRECT_OBJC_ISA_USAGE = YES_ERROR;
				CLANG_WARN_DOCUMENTATION_COMMENTS = YES;
				CLANG_WARN_EMPTY_BODY = YES;
				CLANG_WARN_ENUM_CONVERSION = YES;
				CLANG_WARN_INFINITE_RECURSION = YES;
				CLANG_WARN_INT_CONVERSION = YES;
				CLANG_WARN_NON_LITERAL_NULL_CONVERSION = YES;
				CLANG_WARN_OBJC_IMPLICIT_RETAIN_SELF = YES;
				CLANG_WARN_OBJC_LITERAL_CONVERSION = YES;
				CLANG_WARN_OBJC_ROOT_CLASS = YES_ERROR;
				CLANG_WARN_QUOTED_INCLUDE_IN_FRAMEWORK_HEADER = YES;
				CLANG_WARN_RANGE_LOOP_ANALYSIS = YES;
				CLANG_WARN_STRICT_PROTOTYPES = YES;
				CLANG_WARN_SUSPICIOUS_MOVE = YES;
				CLANG_WARN_UNGUARDED_AVAILABILITY = YES_AGGRESSIVE;
				CLANG_WARN_UNREACHABLE_CODE = YES;
				CLANG_WARN__DUPLICATE_METHOD_MATCH = YES;
				COPY_PHASE_STRIP = NO;
				DEBUG_INFORMATION_FORMAT = "dwarf-with-dsym";
				ENABLE_NS_ASSERTIONS = NO;
				ENABLE_STRICT_OBJC_MSGSEND = YES;
				GCC_C_LANGUAGE_STANDARD = gnu11;
				GCC_NO_COMMON_BLOCKS = YES;
				GCC_WARN_64_TO_32_BIT_CONVERSION = YES;
				GCC_WARN_ABOUT_RETURN_TYPE = YES_ERROR;
				GCC_WARN_UNDECLARED_SELECTOR = YES;
				GCC_WARN_UNINITIALIZED_AUTOS = YES_AGGRESSIVE;
				GCC_WARN_UNUSED_FUNCTION = YES;
				GCC_WARN_UNUSED_VARIABLE = YES;
				IPHONEOS_DEPLOYMENT_TARGET = 16.2;
				MTL_ENABLE_DEBUG_INFO = NO;
				MTL_FAST_MATH = YES;
				SDKROOT = iphoneos;
				SWIFT_COMPILATION_MODE = wholemodule;
				SWIFT_OPTIMIZATION_LEVEL = "-O";
				VALIDATE_PRODUCT = YES;
			};
			name = Release;
		};
		5593B9FE2D51626200AC5F3D /* Debug */ = {
			isa = XCBuildConfiguration;
			buildSettings = {
				ASSETCATALOG_COMPILER_APPICON_NAME = AppIcon;
				ASSETCATALOG_COMPILER_GLOBAL_ACCENT_COLOR_NAME = AccentColor;
				CODE_SIGN_STYLE = Automatic;
				CURRENT_PROJECT_VERSION = 1;
				DEVELOPMENT_ASSET_PATHS = "\"Canvas/Preview Content\"";
				ENABLE_PREVIEWS = YES;
				GENERATE_INFOPLIST_FILE = YES;
				INFOPLIST_KEY_UIApplicationSceneManifest_Generation = YES;
				INFOPLIST_KEY_UIApplicationSupportsIndirectInputEvents = YES;
				INFOPLIST_KEY_UILaunchScreen_Generation = YES;
				INFOPLIST_KEY_UISupportedInterfaceOrientations_iPad = "UIInterfaceOrientationPortrait UIInterfaceOrientationPortraitUpsideDown UIInterfaceOrientationLandscapeLeft UIInterfaceOrientationLandscapeRight";
				INFOPLIST_KEY_UISupportedInterfaceOrientations_iPhone = "UIInterfaceOrientationPortrait UIInterfaceOrientationLandscapeLeft UIInterfaceOrientationLandscapeRight";
				LD_RUNPATH_SEARCH_PATHS = (
					"$(inherited)",
					"@executable_path/Frameworks",
				);
				MARKETING_VERSION = 1.0;
				PRODUCT_BUNDLE_IDENTIFIER = dsada.Canvas;
				PRODUCT_NAME = "$(TARGET_NAME)";
				SWIFT_EMIT_LOC_STRINGS = YES;
				SWIFT_VERSION = 5.0;
				TARGETED_DEVICE_FAMILY = "1,2";
			};
			name = Debug;
		};
		5593B9FF2D51626200AC5F3D /* Release */ = {
			isa = XCBuildConfiguration;
			buildSettings = {
				ASSETCATALOG_COMPILER_APPICON_NAME = AppIcon;
				ASSETCATALOG_COMPILER_GLOBAL_ACCENT_COLOR_NAME = AccentColor;
				CODE_SIGN_STYLE = Automatic;
				CURRENT_PROJECT_VERSION = 1;
				DEVELOPMENT_ASSET_PATHS = "\"Canvas/Preview Content\"";
				ENABLE_PREVIEWS = YES;
				GENERATE_INFOPLIST_FILE = YES;
				INFOPLIST_KEY_UIApplicationSceneManifest_Generation = YES;
				INFOPLIST_KEY_UIApplicationSupportsIndirectInputEvents = YES;
				INFOPLIST_KEY_UILaunchScreen_Generation = YES;
				INFOPLIST_KEY_UISupportedInterfaceOrientations_iPad = "UIInterfaceOrientationPortrait UIInterfaceOrientationPortraitUpsideDown UIInterfaceOrientationLandscapeLeft UIInterfaceOrientationLandscapeRight";
				INFOPLIST_KEY_UISupportedInterfaceOrientations_iPhone = "UIInterfaceOrientationPortrait UIInterfaceOrientationLandscapeLeft UIInterfaceOrientationLandscapeRight";
				LD_RUNPATH_SEARCH_PATHS = (
					"$(inherited)",
					"@executable_path/Frameworks",
				);
				MARKETING_VERSION = 1.0;
				PRODUCT_BUNDLE_IDENTIFIER = dsada.Canvas;
				PRODUCT_NAME = "$(TARGET_NAME)";
				SWIFT_EMIT_LOC_STRINGS = YES;
				SWIFT_VERSION = 5.0;
				TARGETED_DEVICE_FAMILY = "1,2";
			};
			name = Release;
		};
/* End XCBuildConfiguration section */

/* Begin XCConfigurationList section */
		5593B9EA2D51625C00AC5F3D /* Build configuration list for PBXProject "Canvas" */ = {
			isa = XCConfigurationList;
			buildConfigurations = (
				5593B9FB2D51626100AC5F3D /* Debug */,
				5593B9FC2D51626100AC5F3D /* Release */,
			);
			defaultConfigurationIsVisible = 0;
			defaultConfigurationName = Release;
		};
		5593B9FD2D51626200AC5F3D /* Build configuration list for PBXNativeTarget "Canvas" */ = {
			isa = XCConfigurationList;
			buildConfigurations = (
				5593B9FE2D51626200AC5F3D /* Debug */,
				5593B9FF2D51626200AC5F3D /* Release */,
			);
			defaultConfigurationIsVisible = 0;
			defaultConfigurationName = Release;
		};
/* End XCConfigurationList section */
	};
	rootObject = 5593B9E72D51625C00AC5F3D /* Project object */;
}
